
Microsoft Visual Studio Solution File, Format Version 12.00
# Visual Studio Version 17
VisualStudioVersion = 17.13.35931.197 d17.13
MinimumVisualStudioVersion = 10.0.40219.1
Project("{FAE04EC0-301F-11D3-BF4B-00C04F79EFBC}") = "Soc_Clock", "Soc_Clock.csproj", "{CA2E7180-7989-464E-993A-E07C52D0489F}"
EndProject
Global
	GlobalSection(SolutionConfigurationPlatforms) = preSolution
		Debug|Any CPU = Debug|Any CPU
		Release|Any CPU = Release|Any CPU
	EndGlobalSection
	GlobalSection(ProjectConfigurationPlatforms) = postSolution
		{CA2E7180-7989-464E-993A-E07C52D0489F}.Debug|Any CPU.ActiveCfg = Debug|Any CPU
		{CA2E7180-7989-464E-993A-E07C52D0489F}.Debug|Any CPU.Build.0 = Debug|Any CPU
		{CA2E7180-7989-464E-993A-E07C52D0489F}.Release|Any CPU.ActiveCfg = Release|Any CPU
		{CA2E7180-7989-464E-993A-E07C52D0489F}.Release|Any CPU.Build.0 = Release|Any CPU
	EndGlobalSection
	GlobalSection(SolutionProperties) = preSolution
		HideSolutionNode = FALSE
	EndGlobalSection
	GlobalSection(ExtensibilityGlobals) = postSolution
		SolutionGuid = {B9D9FCAA-D4AD-4381-A2CA-E451E8FD798A}
	EndGlobalSection
EndGlobal
